
Microsoft Visual Studio Solution File, Format Version 12.00
# Visual Studio 15
VisualStudioVersion = 15.0.27428.2037
MinimumVisualStudioVersion = 10.0.40219.1
Project("{FAE04EC0-301F-11D3-BF4B-00C04F79EFBC}") = "nodeHub.Android", "nodeHub\nodeHub.Android\nodeHub.Android.csproj", "{D621DB6F-9873-4942-9433-A368148D356B}"
EndProject
Project("{FAE04EC0-301F-11D3-BF4B-00C04F79EFBC}") = "nodeHub.iOS", "nodeHub\nodeHub.iOS\nodeHub.iOS.csproj", "{06B045D8-BD16-4199-A8E3-9AF7CACC78EA}"
EndProject
Project("{FAE04EC0-301F-11D3-BF4B-00C04F79EFBC}") = "nodeHub.UWP", "nodeHub\nodeHub.UWP\nodeHub.UWP.csproj", "{2425AD53-BA49-4E55-9ACE-8555AE081B6A}"
EndProject
Project("{FAE04EC0-301F-11D3-BF4B-00C04F79EFBC}") = "nodeHub", "nodeHub\nodeHub\nodeHub.csproj", "{B5C325D2-2D58-43CA-B34D-A795739D8E55}"
EndProject
Global
	GlobalSection(SolutionConfigurationPlatforms) = preSolution
		Ad-Hoc|Any CPU = Ad-Hoc|Any CPU
		Ad-Hoc|ARM = Ad-Hoc|ARM
		Ad-Hoc|iPhone = Ad-Hoc|iPhone
		Ad-Hoc|iPhoneSimulator = Ad-Hoc|iPhoneSimulator
		Ad-Hoc|x64 = Ad-Hoc|x64
		Ad-Hoc|x86 = Ad-Hoc|x86
		AppStore|Any CPU = AppStore|Any CPU
		AppStore|ARM = AppStore|ARM
		AppStore|iPhone = AppStore|iPhone
		AppStore|iPhoneSimulator = AppStore|iPhoneSimulator
		AppStore|x64 = AppStore|x64
		AppStore|x86 = AppStore|x86
		Debug|Any CPU = Debug|Any CPU
		Debug|ARM = Debug|ARM
		Debug|iPhone = Debug|iPhone
		Debug|iPhoneSimulator = Debug|iPhoneSimulator
		Debug|x64 = Debug|x64
		Debug|x86 = Debug|x86
		Release|Any CPU = Release|Any CPU
		Release|ARM = Release|ARM
		Release|iPhone = Release|iPhone
		Release|iPhoneSimulator = Release|iPhoneSimulator
		Release|x64 = Release|x64
		Release|x86 = Release|x86
	EndGlobalSection
	GlobalSection(ProjectConfigurationPlatforms) = postSolution
		{D621DB6F-9873-4942-9433-A368148D356B}.Ad-Hoc|Any CPU.ActiveCfg = Release|Any CPU
		{D621DB6F-9873-4942-9433-A368148D356B}.Ad-Hoc|Any CPU.Build.0 = Release|Any CPU
		{D621DB6F-9873-4942-9433-A368148D356B}.Ad-Hoc|Any CPU.Deploy.0 = Release|Any CPU
		{D621DB6F-9873-4942-9433-A368148D356B}.Ad-Hoc|ARM.ActiveCfg = Release|Any CPU
		{D621DB6F-9873-4942-9433-A368148D356B}.Ad-Hoc|ARM.Build.0 = Release|Any CPU
		{D621DB6F-9873-4942-9433-A368148D356B}.Ad-Hoc|ARM.Deploy.0 = Release|Any CPU
		{D621DB6F-9873-4942-9433-A368148D356B}.Ad-Hoc|iPhone.ActiveCfg = Release|Any CPU
		{D621DB6F-9873-4942-9433-A368148D356B}.Ad-Hoc|iPhone.Build.0 = Release|Any CPU
		{D621DB6F-9873-4942-9433-A368148D356B}.Ad-Hoc|iPhone.Deploy.0 = Release|Any CPU
		{D621DB6F-9873-4942-9433-A368148D356B}.Ad-Hoc|iPhoneSimulator.ActiveCfg = Release|Any CPU
		{D621DB6F-9873-4942-9433-A368148D356B}.Ad-Hoc|iPhoneSimulator.Build.0 = Release|Any CPU
		{D621DB6F-9873-4942-9433-A368148D356B}.Ad-Hoc|iPhoneSimulator.Deploy.0 = Release|Any CPU
		{D621DB6F-9873-4942-9433-A368148D356B}.Ad-Hoc|x64.ActiveCfg = Release|Any CPU
		{D621DB6F-9873-4942-9433-A368148D356B}.Ad-Hoc|x64.Build.0 = Release|Any CPU
		{D621DB6F-9873-4942-9433-A368148D356B}.Ad-Hoc|x64.Deploy.0 = Release|Any CPU
		{D621DB6F-9873-4942-9433-A368148D356B}.Ad-Hoc|x86.ActiveCfg = Release|Any CPU
		{D621DB6F-9873-4942-9433-A368148D356B}.Ad-Hoc|x86.Build.0 = Release|Any CPU
		{D621DB6F-9873-4942-9433-A368148D356B}.Ad-Hoc|x86.Deploy.0 = Release|Any CPU
		{D621DB6F-9873-4942-9433-A368148D356B}.AppStore|Any CPU.ActiveCfg = Release|Any CPU
		{D621DB6F-9873-4942-9433-A368148D356B}.AppStore|Any CPU.Build.0 = Release|Any CPU
		{D621DB6F-9873-4942-9433-A368148D356B}.AppStore|Any CPU.Deploy.0 = Release|Any CPU
		{D621DB6F-9873-4942-9433-A368148D356B}.AppStore|ARM.ActiveCfg = Release|Any CPU
		{D621DB6F-9873-4942-9433-A368148D356B}.AppStore|ARM.Build.0 = Release|Any CPU
		{D621DB6F-9873-4942-9433-A368148D356B}.AppStore|ARM.Deploy.0 = Release|Any CPU
		{D621DB6F-9873-4942-9433-A368148D356B}.AppStore|iPhone.ActiveCfg = Release|Any CPU
		{D621DB6F-9873-4942-9433-A368148D356B}.AppStore|iPhone.Build.0 = Release|Any CPU
		{D621DB6F-9873-4942-9433-A368148D356B}.AppStore|iPhone.Deploy.0 = Release|Any CPU
		{D621DB6F-9873-4942-9433-A368148D356B}.AppStore|iPhoneSimulator.ActiveCfg = Release|Any CPU
		{D621DB6F-9873-4942-9433-A368148D356B}.AppStore|iPhoneSimulator.Build.0 = Release|Any CPU
		{D621DB6F-9873-4942-9433-A368148D356B}.AppStore|iPhoneSimulator.Deploy.0 = Release|Any CPU
		{D621DB6F-9873-4942-9433-A368148D356B}.AppStore|x64.ActiveCfg = Release|Any CPU
		{D621DB6F-9873-4942-9433-A368148D356B}.AppStore|x64.Build.0 = Release|Any CPU
		{D621DB6F-9873-4942-9433-A368148D356B}.AppStore|x64.Deploy.0 = Release|Any CPU
		{D621DB6F-9873-4942-9433-A368148D356B}.AppStore|x86.ActiveCfg = Release|Any CPU
		{D621DB6F-9873-4942-9433-A368148D356B}.AppStore|x86.Build.0 = Release|Any CPU
		{D621DB6F-9873-4942-9433-A368148D356B}.AppStore|x86.Deploy.0 = Release|Any CPU
		{D621DB6F-9873-4942-9433-A368148D356B}.Debug|Any CPU.ActiveCfg = Debug|Any CPU
		{D621DB6F-9873-4942-9433-A368148D356B}.Debug|Any CPU.Build.0 = Debug|Any CPU
		{D621DB6F-9873-4942-9433-A368148D356B}.Debug|Any CPU.Deploy.0 = Debug|Any CPU
		{D621DB6F-9873-4942-9433-A368148D356B}.Debug|ARM.ActiveCfg = Debug|Any CPU
		{D621DB6F-9873-4942-9433-A368148D356B}.Debug|ARM.Build.0 = Debug|Any CPU
		{D621DB6F-9873-4942-9433-A368148D356B}.Debug|ARM.Deploy.0 = Debug|Any CPU
		{D621DB6F-9873-4942-9433-A368148D356B}.Debug|iPhone.ActiveCfg = Debug|Any CPU
		{D621DB6F-9873-4942-9433-A368148D356B}.Debug|iPhone.Build.0 = Debug|Any CPU
		{D621DB6F-9873-4942-9433-A368148D356B}.Debug|iPhone.Deploy.0 = Debug|Any CPU
		{D621DB6F-9873-4942-9433-A368148D356B}.Debug|iPhoneSimulator.ActiveCfg = Debug|Any CPU
		{D621DB6F-9873-4942-9433-A368148D356B}.Debug|iPhoneSimulator.Build.0 = Debug|Any CPU
		{D621DB6F-9873-4942-9433-A368148D356B}.Debug|iPhoneSimulator.Deploy.0 = Debug|Any CPU
		{D621DB6F-9873-4942-9433-A368148D356B}.Debug|x64.ActiveCfg = Debug|Any CPU
		{D621DB6F-9873-4942-9433-A368148D356B}.Debug|x64.Build.0 = Debug|Any CPU
		{D621DB6F-9873-4942-9433-A368148D356B}.Debug|x64.Deploy.0 = Debug|Any CPU
		{D621DB6F-9873-4942-9433-A368148D356B}.Debug|x86.ActiveCfg = Debug|Any CPU
		{D621DB6F-9873-4942-9433-A368148D356B}.Debug|x86.Build.0 = Debug|Any CPU
		{D621DB6F-9873-4942-9433-A368148D356B}.Debug|x86.Deploy.0 = Debug|Any CPU
		{D621DB6F-9873-4942-9433-A368148D356B}.Release|Any CPU.ActiveCfg = Release|Any CPU
		{D621DB6F-9873-4942-9433-A368148D356B}.Release|Any CPU.Build.0 = Release|Any CPU
		{D621DB6F-9873-4942-9433-A368148D356B}.Release|Any CPU.Deploy.0 = Release|Any CPU
		{D621DB6F-9873-4942-9433-A368148D356B}.Release|ARM.ActiveCfg = Release|Any CPU
		{D621DB6F-9873-4942-9433-A368148D356B}.Release|ARM.Build.0 = Release|Any CPU
		{D621DB6F-9873-4942-9433-A368148D356B}.Release|ARM.Deploy.0 = Release|Any CPU
		{D621DB6F-9873-4942-9433-A368148D356B}.Release|iPhone.ActiveCfg = Release|Any CPU
		{D621DB6F-9873-4942-9433-A368148D356B}.Release|iPhone.Build.0 = Release|Any CPU
		{D621DB6F-9873-4942-9433-A368148D356B}.Release|iPhone.Deploy.0 = Release|Any CPU
		{D621DB6F-9873-4942-9433-A368148D356B}.Release|iPhoneSimulator.ActiveCfg = Release|Any CPU
		{D621DB6F-9873-4942-9433-A368148D356B}.Release|iPhoneSimulator.Build.0 = Release|Any CPU
		{D621DB6F-9873-4942-9433-A368148D356B}.Release|iPhoneSimulator.Deploy.0 = Release|Any CPU
		{D621DB6F-9873-4942-9433-A368148D356B}.Release|x64.ActiveCfg = Release|Any CPU
		{D621DB6F-9873-4942-9433-A368148D356B}.Release|x64.Build.0 = Release|Any CPU
		{D621DB6F-9873-4942-9433-A368148D356B}.Release|x64.Deploy.0 = Release|Any CPU
		{D621DB6F-9873-4942-9433-A368148D356B}.Release|x86.ActiveCfg = Release|Any CPU
		{D621DB6F-9873-4942-9433-A368148D356B}.Release|x86.Build.0 = Release|Any CPU
		{D621DB6F-9873-4942-9433-A368148D356B}.Release|x86.Deploy.0 = Release|Any CPU
		{06B045D8-BD16-4199-A8E3-9AF7CACC78EA}.Ad-Hoc|Any CPU.ActiveCfg = Ad-Hoc|iPhone
		{06B045D8-BD16-4199-A8E3-9AF7CACC78EA}.Ad-Hoc|ARM.ActiveCfg = Ad-Hoc|iPhone
		{06B045D8-BD16-4199-A8E3-9AF7CACC78EA}.Ad-Hoc|iPhone.ActiveCfg = Ad-Hoc|iPhone
		{06B045D8-BD16-4199-A8E3-9AF7CACC78EA}.Ad-Hoc|iPhone.Build.0 = Ad-Hoc|iPhone
		{06B045D8-BD16-4199-A8E3-9AF7CACC78EA}.Ad-Hoc|iPhoneSimulator.ActiveCfg = Ad-Hoc|iPhoneSimulator
		{06B045D8-BD16-4199-A8E3-9AF7CACC78EA}.Ad-Hoc|iPhoneSimulator.Build.0 = Ad-Hoc|iPhoneSimulator
		{06B045D8-BD16-4199-A8E3-9AF7CACC78EA}.Ad-Hoc|x64.ActiveCfg = Ad-Hoc|iPhone
		{06B045D8-BD16-4199-A8E3-9AF7CACC78EA}.Ad-Hoc|x86.ActiveCfg = Ad-Hoc|iPhone
		{06B045D8-BD16-4199-A8E3-9AF7CACC78EA}.AppStore|Any CPU.ActiveCfg = AppStore|iPhone
		{06B045D8-BD16-4199-A8E3-9AF7CACC78EA}.AppStore|ARM.ActiveCfg = AppStore|iPhone
		{06B045D8-BD16-4199-A8E3-9AF7CACC78EA}.AppStore|iPhone.ActiveCfg = AppStore|iPhone
		{06B045D8-BD16-4199-A8E3-9AF7CACC78EA}.AppStore|iPhone.Build.0 = AppStore|iPhone
		{06B045D8-BD16-4199-A8E3-9AF7CACC78EA}.AppStore|iPhoneSimulator.ActiveCfg = AppStore|iPhoneSimulator
		{06B045D8-BD16-4199-A8E3-9AF7CACC78EA}.AppStore|iPhoneSimulator.Build.0 = AppStore|iPhoneSimulator
		{06B045D8-BD16-4199-A8E3-9AF7CACC78EA}.AppStore|x64.ActiveCfg = AppStore|iPhone
		{06B045D8-BD16-4199-A8E3-9AF7CACC78EA}.AppStore|x86.ActiveCfg = AppStore|iPhone
		{06B045D8-BD16-4199-A8E3-9AF7CACC78EA}.Debug|Any CPU.ActiveCfg = Debug|iPhone
		{06B045D8-BD16-4199-A8E3-9AF7CACC78EA}.Debug|ARM.ActiveCfg = Debug|iPhone
		{06B045D8-BD16-4199-A8E3-9AF7CACC78EA}.Debug|iPhone.ActiveCfg = Debug|iPhone
		{06B045D8-BD16-4199-A8E3-9AF7CACC78EA}.Debug|iPhone.Build.0 = Debug|iPhone
		{06B045D8-BD16-4199-A8E3-9AF7CACC78EA}.Debug|iPhoneSimulator.ActiveCfg = Debug|iPhoneSimulator
		{06B045D8-BD16-4199-A8E3-9AF7CACC78EA}.Debug|iPhoneSimulator.Build.0 = Debug|iPhoneSimulator
		{06B045D8-BD16-4199-A8E3-9AF7CACC78EA}.Debug|x64.ActiveCfg = Debug|iPhone
		{06B045D8-BD16-4199-A8E3-9AF7CACC78EA}.Debug|x86.ActiveCfg = Debug|iPhone
		{06B045D8-BD16-4199-A8E3-9AF7CACC78EA}.Release|Any CPU.ActiveCfg = Release|iPhone
		{06B045D8-BD16-4199-A8E3-9AF7CACC78EA}.Release|ARM.ActiveCfg = Release|iPhone
		{06B045D8-BD16-4199-A8E3-9AF7CACC78EA}.Release|iPhone.ActiveCfg = Release|iPhone
		{06B045D8-BD16-4199-A8E3-9AF7CACC78EA}.Release|iPhone.Build.0 = Release|iPhone
		{06B045D8-BD16-4199-A8E3-9AF7CACC78EA}.Release|iPhoneSimulator.ActiveCfg = Release|iPhoneSimulator
		{06B045D8-BD16-4199-A8E3-9AF7CACC78EA}.Release|iPhoneSimulator.Build.0 = Release|iPhoneSimulator
		{06B045D8-BD16-4199-A8E3-9AF7CACC78EA}.Release|x64.ActiveCfg = Release|iPhone
		{06B045D8-BD16-4199-A8E3-9AF7CACC78EA}.Release|x86.ActiveCfg = Release|iPhone
		{2425AD53-BA49-4E55-9ACE-8555AE081B6A}.Ad-Hoc|Any CPU.ActiveCfg = Release|x86
		{2425AD53-BA49-4E55-9ACE-8555AE081B6A}.Ad-Hoc|Any CPU.Build.0 = Release|x86
		{2425AD53-BA49-4E55-9ACE-8555AE081B6A}.Ad-Hoc|Any CPU.Deploy.0 = Release|x86
		{2425AD53-BA49-4E55-9ACE-8555AE081B6A}.Ad-Hoc|ARM.ActiveCfg = Release|ARM
		{2425AD53-BA49-4E55-9ACE-8555AE081B6A}.Ad-Hoc|ARM.Build.0 = Release|ARM
		{2425AD53-BA49-4E55-9ACE-8555AE081B6A}.Ad-Hoc|ARM.Deploy.0 = Release|ARM
		{2425AD53-BA49-4E55-9ACE-8555AE081B6A}.Ad-Hoc|iPhone.ActiveCfg = Release|x86
		{2425AD53-BA49-4E55-9ACE-8555AE081B6A}.Ad-Hoc|iPhone.Build.0 = Release|x86
		{2425AD53-BA49-4E55-9ACE-8555AE081B6A}.Ad-Hoc|iPhone.Deploy.0 = Release|x86
		{2425AD53-BA49-4E55-9ACE-8555AE081B6A}.Ad-Hoc|iPhoneSimulator.ActiveCfg = Release|x86
		{2425AD53-BA49-4E55-9ACE-8555AE081B6A}.Ad-Hoc|iPhoneSimulator.Build.0 = Release|x86
		{2425AD53-BA49-4E55-9ACE-8555AE081B6A}.Ad-Hoc|iPhoneSimulator.Deploy.0 = Release|x86
		{2425AD53-BA49-4E55-9ACE-8555AE081B6A}.Ad-Hoc|x64.ActiveCfg = Release|x64
		{2425AD53-BA49-4E55-9ACE-8555AE081B6A}.Ad-Hoc|x64.Build.0 = Release|x64
		{2425AD53-BA49-4E55-9ACE-8555AE081B6A}.Ad-Hoc|x64.Deploy.0 = Release|x64
		{2425AD53-BA49-4E55-9ACE-8555AE081B6A}.Ad-Hoc|x86.ActiveCfg = Release|x86
		{2425AD53-BA49-4E55-9ACE-8555AE081B6A}.Ad-Hoc|x86.Build.0 = Release|x86
		{2425AD53-BA49-4E55-9ACE-8555AE081B6A}.Ad-Hoc|x86.Deploy.0 = Release|x86
		{2425AD53-BA49-4E55-9ACE-8555AE081B6A}.AppStore|Any CPU.ActiveCfg = Release|x86
		{2425AD53-BA49-4E55-9ACE-8555AE081B6A}.AppStore|Any CPU.Build.0 = Release|x86
		{2425AD53-BA49-4E55-9ACE-8555AE081B6A}.AppStore|Any CPU.Deploy.0 = Release|x86
		{2425AD53-BA49-4E55-9ACE-8555AE081B6A}.AppStore|ARM.ActiveCfg = Release|ARM
		{2425AD53-BA49-4E55-9ACE-8555AE081B6A}.AppStore|ARM.Build.0 = Release|ARM
		{2425AD53-BA49-4E55-9ACE-8555AE081B6A}.AppStore|ARM.Deploy.0 = Release|ARM
		{2425AD53-BA49-4E55-9ACE-8555AE081B6A}.AppStore|iPhone.ActiveCfg = Release|x86
		{2425AD53-BA49-4E55-9ACE-8555AE081B6A}.AppStore|iPhone.Build.0 = Release|x86
		{2425AD53-BA49-4E55-9ACE-8555AE081B6A}.AppStore|iPhone.Deploy.0 = Release|x86
		{2425AD53-BA49-4E55-9ACE-8555AE081B6A}.AppStore|iPhoneSimulator.ActiveCfg = Release|x86
		{2425AD53-BA49-4E55-9ACE-8555AE081B6A}.AppStore|iPhoneSimulator.Build.0 = Release|x86
		{2425AD53-BA49-4E55-9ACE-8555AE081B6A}.AppStore|iPhoneSimulator.Deploy.0 = Release|x86
		{2425AD53-BA49-4E55-9ACE-8555AE081B6A}.AppStore|x64.ActiveCfg = Release|x64
		{2425AD53-BA49-4E55-9ACE-8555AE081B6A}.AppStore|x64.Build.0 = Release|x64
		{2425AD53-BA49-4E55-9ACE-8555AE081B6A}.AppStore|x64.Deploy.0 = Release|x64
		{2425AD53-BA49-4E55-9ACE-8555AE081B6A}.AppStore|x86.ActiveCfg = Release|x86
		{2425AD53-BA49-4E55-9ACE-8555AE081B6A}.AppStore|x86.Build.0 = Release|x86
		{2425AD53-BA49-4E55-9ACE-8555AE081B6A}.AppStore|x86.Deploy.0 = Release|x86
		{2425AD53-BA49-4E55-9ACE-8555AE081B6A}.Debug|Any CPU.ActiveCfg = Debug|x86
		{2425AD53-BA49-4E55-9ACE-8555AE081B6A}.Debug|ARM.ActiveCfg = Debug|ARM
		{2425AD53-BA49-4E55-9ACE-8555AE081B6A}.Debug|ARM.Build.0 = Debug|ARM
		{2425AD53-BA49-4E55-9ACE-8555AE081B6A}.Debug|ARM.Deploy.0 = Debug|ARM
		{2425AD53-BA49-4E55-9ACE-8555AE081B6A}.Debug|iPhone.ActiveCfg = Debug|x86
		{2425AD53-BA49-4E55-9ACE-8555AE081B6A}.Debug|iPhoneSimulator.ActiveCfg = Debug|x86
		{2425AD53-BA49-4E55-9ACE-8555AE081B6A}.Debug|x64.ActiveCfg = Debug|x64
		{2425AD53-BA49-4E55-9ACE-8555AE081B6A}.Debug|x64.Build.0 = Debug|x64
		{2425AD53-BA49-4E55-9ACE-8555AE081B6A}.Debug|x64.Deploy.0 = Debug|x64
		{2425AD53-BA49-4E55-9ACE-8555AE081B6A}.Debug|x86.ActiveCfg = Debug|x86
		{2425AD53-BA49-4E55-9ACE-8555AE081B6A}.Debug|x86.Build.0 = Debug|x86
		{2425AD53-BA49-4E55-9ACE-8555AE081B6A}.Debug|x86.Deploy.0 = Debug|x86
		{2425AD53-BA49-4E55-9ACE-8555AE081B6A}.Release|Any CPU.ActiveCfg = Release|x86
		{2425AD53-BA49-4E55-9ACE-8555AE081B6A}.Release|ARM.ActiveCfg = Release|ARM
		{2425AD53-BA49-4E55-9ACE-8555AE081B6A}.Release|ARM.Build.0 = Release|ARM
		{2425AD53-BA49-4E55-9ACE-8555AE081B6A}.Release|ARM.Deploy.0 = Release|ARM
		{2425AD53-BA49-4E55-9ACE-8555AE081B6A}.Release|iPhone.ActiveCfg = Release|x86
		{2425AD53-BA49-4E55-9ACE-8555AE081B6A}.Release|iPhoneSimulator.ActiveCfg = Release|x86
		{2425AD53-BA49-4E55-9ACE-8555AE081B6A}.Release|x64.ActiveCfg = Release|x64
		{2425AD53-BA49-4E55-9ACE-8555AE081B6A}.Release|x64.Build.0 = Release|x64
		{2425AD53-BA49-4E55-9ACE-8555AE081B6A}.Release|x64.Deploy.0 = Release|x64
		{2425AD53-BA49-4E55-9ACE-8555AE081B6A}.Release|x86.ActiveCfg = Release|x86
		{2425AD53-BA49-4E55-9ACE-8555AE081B6A}.Release|x86.Build.0 = Release|x86
		{2425AD53-BA49-4E55-9ACE-8555AE081B6A}.Release|x86.Deploy.0 = Release|x86
		{B5C325D2-2D58-43CA-B34D-A795739D8E55}.Ad-Hoc|Any CPU.ActiveCfg = Debug|Any CPU
		{B5C325D2-2D58-43CA-B34D-A795739D8E55}.Ad-Hoc|Any CPU.Build.0 = Debug|Any CPU
		{B5C325D2-2D58-43CA-B34D-A795739D8E55}.Ad-Hoc|ARM.ActiveCfg = Debug|Any CPU
		{B5C325D2-2D58-43CA-B34D-A795739D8E55}.Ad-Hoc|ARM.Build.0 = Debug|Any CPU
		{B5C325D2-2D58-43CA-B34D-A795739D8E55}.Ad-Hoc|iPhone.ActiveCfg = Debug|Any CPU
		{B5C325D2-2D58-43CA-B34D-A795739D8E55}.Ad-Hoc|iPhone.Build.0 = Debug|Any CPU
		{B5C325D2-2D58-43CA-B34D-A795739D8E55}.Ad-Hoc|iPhoneSimulator.ActiveCfg = Debug|Any CPU
		{B5C325D2-2D58-43CA-B34D-A795739D8E55}.Ad-Hoc|iPhoneSimulator.Build.0 = Debug|Any CPU
		{B5C325D2-2D58-43CA-B34D-A795739D8E55}.Ad-Hoc|x64.ActiveCfg = Debug|Any CPU
		{B5C325D2-2D58-43CA-B34D-A795739D8E55}.Ad-Hoc|x64.Build.0 = Debug|Any CPU
		{B5C325D2-2D58-43CA-B34D-A795739D8E55}.Ad-Hoc|x86.ActiveCfg = Debug|Any CPU
		{B5C325D2-2D58-43CA-B34D-A795739D8E55}.Ad-Hoc|x86.Build.0 = Debug|Any CPU
		{B5C325D2-2D58-43CA-B34D-A795739D8E55}.AppStore|Any CPU.ActiveCfg = Debug|Any CPU
		{B5C325D2-2D58-43CA-B34D-A795739D8E55}.AppStore|Any CPU.Build.0 = Debug|Any CPU
		{B5C325D2-2D58-43CA-B34D-A795739D8E55}.AppStore|ARM.ActiveCfg = Debug|Any CPU
		{B5C325D2-2D58-43CA-B34D-A795739D8E55}.AppStore|ARM.Build.0 = Debug|Any CPU
		{B5C325D2-2D58-43CA-B34D-A795739D8E55}.AppStore|iPhone.ActiveCfg = Debug|Any CPU
		{B5C325D2-2D58-43CA-B34D-A795739D8E55}.AppStore|iPhone.Build.0 = Debug|Any CPU
		{B5C325D2-2D58-43CA-B34D-A795739D8E55}.AppStore|iPhoneSimulator.ActiveCfg = Debug|Any CPU
		{B5C325D2-2D58-43CA-B34D-A795739D8E55}.AppStore|iPhoneSimulator.Build.0 = Debug|Any CPU
		{B5C325D2-2D58-43CA-B34D-A795739D8E55}.AppStore|x64.ActiveCfg = Debug|Any CPU
		{B5C325D2-2D58-43CA-B34D-A795739D8E55}.AppStore|x64.Build.0 = Debug|Any CPU
		{B5C325D2-2D58-43CA-B34D-A795739D8E55}.AppStore|x86.ActiveCfg = Debug|Any CPU
		{B5C325D2-2D58-43CA-B34D-A795739D8E55}.AppStore|x86.Build.0 = Debug|Any CPU
		{B5C325D2-2D58-43CA-B34D-A795739D8E55}.Debug|Any CPU.ActiveCfg = Debug|Any CPU
		{B5C325D2-2D58-43CA-B34D-A795739D8E55}.Debug|Any CPU.Build.0 = Debug|Any CPU
		{B5C325D2-2D58-43CA-B34D-A795739D8E55}.Debug|ARM.ActiveCfg = Debug|Any CPU
		{B5C325D2-2D58-43CA-B34D-A795739D8E55}.Debug|ARM.Build.0 = Debug|Any CPU
		{B5C325D2-2D58-43CA-B34D-A795739D8E55}.Debug|iPhone.ActiveCfg = Debug|Any CPU
		{B5C325D2-2D58-43CA-B34D-A795739D8E55}.Debug|iPhone.Build.0 = Debug|Any CPU
		{B5C325D2-2D58-43CA-B34D-A795739D8E55}.Debug|iPhoneSimulator.ActiveCfg = Debug|Any CPU
		{B5C325D2-2D58-43CA-B34D-A795739D8E55}.Debug|iPhoneSimulator.Build.0 = Debug|Any CPU
		{B5C325D2-2D58-43CA-B34D-A795739D8E55}.Debug|x64.ActiveCfg = Debug|Any CPU
		{B5C325D2-2D58-43CA-B34D-A795739D8E55}.Debug|x64.Build.0 = Debug|Any CPU
		{B5C325D2-2D58-43CA-B34D-A795739D8E55}.Debug|x86.ActiveCfg = Debug|Any CPU
		{B5C325D2-2D58-43CA-B34D-A795739D8E55}.Debug|x86.Build.0 = Debug|Any CPU
		{B5C325D2-2D58-43CA-B34D-A795739D8E55}.Release|Any CPU.ActiveCfg = Release|Any CPU
		{B5C325D2-2D58-43CA-B34D-A795739D8E55}.Release|Any CPU.Build.0 = Release|Any CPU
		{B5C325D2-2D58-43CA-B34D-A795739D8E55}.Release|ARM.ActiveCfg = Release|Any CPU
		{B5C325D2-2D58-43CA-B34D-A795739D8E55}.Release|ARM.Build.0 = Release|Any CPU
		{B5C325D2-2D58-43CA-B34D-A795739D8E55}.Release|iPhone.ActiveCfg = Release|Any CPU
		{B5C325D2-2D58-43CA-B34D-A795739D8E55}.Release|iPhone.Build.0 = Release|Any CPU
		{B5C325D2-2D58-43CA-B34D-A795739D8E55}.Release|iPhoneSimulator.ActiveCfg = Release|Any CPU
		{B5C325D2-2D58-43CA-B34D-A795739D8E55}.Release|iPhoneSimulator.Build.0 = Release|Any CPU
		{B5C325D2-2D58-43CA-B34D-A795739D8E55}.Release|x64.ActiveCfg = Release|Any CPU
		{B5C325D2-2D58-43CA-B34D-A795739D8E55}.Release|x64.Build.0 = Release|Any CPU
		{B5C325D2-2D58-43CA-B34D-A795739D8E55}.Release|x86.ActiveCfg = Release|Any CPU
		{B5C325D2-2D58-43CA-B34D-A795739D8E55}.Release|x86.Build.0 = Release|Any CPU
	EndGlobalSection
	GlobalSection(SolutionProperties) = preSolution
		HideSolutionNode = FALSE
	EndGlobalSection
	GlobalSection(ExtensibilityGlobals) = postSolution
		SolutionGuid = {7074CDD8-6AE1-4E21-A21E-AF12E2000183}
	EndGlobalSection
EndGlobal
